
Microsoft Visual Studio Solution File, Format Version 12.00
# Visual Studio 2013
VisualStudioVersion = 12.0.31101.0
MinimumVisualStudioVersion = 10.0.40219.1
Project("{FAE04EC0-301F-11D3-BF4B-00C04F79EFBC}") = "CarRemain", "CarRemain\CarRemain.csproj", "{2A4BB211-BDA5-48A0-A227-48E35D112F71}"
EndProject
Project("{FAE04EC0-301F-11D3-BF4B-00C04F79EFBC}") = "Util", "Util\Util.csproj", "{F73AD90E-D1DE-4DFF-B22F-BC6B2A858BED}"
EndProject
Project("{FAE04EC0-301F-11D3-BF4B-00C04F79EFBC}") = "CarRemainServices", "CarRemainServices\CarRemainServices.csproj", "{1B569CF9-7A32-4440-BDDB-5A8CECD8E1A6}"
EndProject
Global
	GlobalSection(SolutionConfigurationPlatforms) = preSolution
		Debug|Any CPU = Debug|Any CPU
		Release|Any CPU = Release|Any CPU
	EndGlobalSection
	GlobalSection(ProjectConfigurationPlatforms) = postSolution
		{2A4BB211-BDA5-48A0-A227-48E35D112F71}.Debug|Any CPU.ActiveCfg = Debug|Any CPU
		{2A4BB211-BDA5-48A0-A227-48E35D112F71}.Debug|Any CPU.Build.0 = Debug|Any CPU
		{2A4BB211-BDA5-48A0-A227-48E35D112F71}.Release|Any CPU.ActiveCfg = Release|Any CPU
		{2A4BB211-BDA5-48A0-A227-48E35D112F71}.Release|Any CPU.Build.0 = Release|Any CPU
		{F73AD90E-D1DE-4DFF-B22F-BC6B2A858BED}.Debug|Any CPU.ActiveCfg = Debug|Any CPU
		{F73AD90E-D1DE-4DFF-B22F-BC6B2A858BED}.Debug|Any CPU.Build.0 = Debug|Any CPU
		{F73AD90E-D1DE-4DFF-B22F-BC6B2A858BED}.Release|Any CPU.ActiveCfg = Release|Any CPU
		{F73AD90E-D1DE-4DFF-B22F-BC6B2A858BED}.Release|Any CPU.Build.0 = Release|Any CPU
		{1B569CF9-7A32-4440-BDDB-5A8CECD8E1A6}.Debug|Any CPU.ActiveCfg = Debug|Any CPU
		{1B569CF9-7A32-4440-BDDB-5A8CECD8E1A6}.Debug|Any CPU.Build.0 = Debug|Any CPU
		{1B569CF9-7A32-4440-BDDB-5A8CECD8E1A6}.Release|Any CPU.ActiveCfg = Release|Any CPU
		{1B569CF9-7A32-4440-BDDB-5A8CECD8E1A6}.Release|Any CPU.Build.0 = Release|Any CPU
	EndGlobalSection
	GlobalSection(SolutionProperties) = preSolution
		HideSolutionNode = FALSE
	EndGlobalSection
EndGlobal
